{
    "_readme": [
        "This file locks the dependencies of your project to a known state",
        "Read more about it at http://getcomposer.org/doc/01-basic-usage.md#composer-lock-the-lock-file"
    ],
    "hash": "84a9d778638188768332f3dc1c61c72c",
    "packages": [
        {
            "name": "alviss/activity-stream-client",
            "version": "dev-master",
            "target-dir": "ActivityStream/Client",
            "source": {
                "type": "git",
                "url": "git@git.cap-tic.fr:alviss/activity-stream-client.git",
                "reference": "d01809902da4dfd4ce7eff87e074ebcf7b9ab7d3"
            },
            "require": {
                "php": ">=5.3.3"
            },
            "type": "library",
            "autoload": {
                "psr-0": {
                    "ActivityStream\\Client\\": ""
                }
            },
            "authors": [
                {
                    "name": "Jérémy Hubert",
                    "email": "jeremy.hubert@isics.fr"
                },
                {
                    "name": "Julien Pottier",
                    "email": "julien.pottier@isics.fr"
                },
                {
                    "name": "Sébastien Cas",
                    "email": "sebastien.cas@isics.fr"
                }
            ],
            "description": "Activity Stream client",
            "time": "2013-09-24 14:30:26"
        },
        {
            "name": "symfony/event-dispatcher",
            "version": "v2.3.1",
            "target-dir": "Symfony/Component/EventDispatcher",
            "source": {
                "type": "git",
                "url": "https://github.com/symfony/EventDispatcher.git",
                "reference": "v2.3.1"
            },
            "dist": {
                "type": "zip",
                "url": "https://api.github.com/repos/symfony/EventDispatcher/zipball/v2.3.1",
                "reference": "v2.3.1",
                "shasum": ""
            },
            "require": {
                "php": ">=5.3.3"
            },
            "require-dev": {
                "symfony/dependency-injection": ">=2.0,<3.0"
            },
            "suggest": {
                "symfony/dependency-injection": "",
                "symfony/http-kernel": ""
            },
            "type": "library",
            "extra": {
                "branch-alias": {
                    "dev-master": "2.3-dev"
                }
            },
            "autoload": {
                "psr-0": {
                    "Symfony\\Component\\EventDispatcher\\": ""
                }
            },
            "notification-url": "https://packagist.org/downloads/",
            "license": [
                "MIT"
            ],
            "authors": [
                {
                    "name": "Fabien Potencier",
                    "email": "fabien@symfony.com"
                },
                {
                    "name": "Symfony Community",
                    "homepage": "http://symfony.com/contributors"
                }
            ],
            "description": "Symfony EventDispatcher Component",
            "homepage": "http://symfony.com",
            "time": "2013-05-13 14:36:40"
        }
    ],
    "packages-dev": [

    ],
    "aliases": [

    ],
    "minimum-stability": "stable",
    "stability-flags": {
        "alviss/activity-stream-client": 20
    },
    "platform": {
        "php": ">=5.3.3"
    },
    "platform-dev": [

    ]
}
